// !$*UTF8*$!
{
	archiveVersion = 1;
	classes = {
	};
	objectVersion = 50;
	objects = {

/* Begin PBXBuildFile section */
		B00AD404263A993D004FC28B /* AppDelegate.swift in Sources */ = {isa = PBXBuildFile; fileRef = B00AD403263A993D004FC28B /* AppDelegate.swift */; };
		B00AD406263A993D004FC28B /* SceneDelegate.swift in Sources */ = {isa = PBXBuildFile; fileRef = B00AD405263A993D004FC28B /* SceneDelegate.swift */; };
		B00AD408263A993D004FC28B /* ViewController.swift in Sources */ = {isa = PBXBuildFile; fileRef = B00AD407263A993D004FC28B /* ViewController.swift */; };
		B00AD40B263A993D004FC28B /* Main.storyboard in Resources */ = {isa = PBXBuildFile; fileRef = B00AD409263A993D004FC28B /* Main.storyboard */; };
		B00AD40E263A993D004FC28B /* exampleMVVM.xcdatamodeld in Sources */ = {isa = PBXBuildFile; fileRef = B00AD40C263A993D004FC28B /* exampleMVVM.xcdatamodeld */; };
		B00AD410263A993E004FC28B /* Assets.xcassets in Resources */ = {isa = PBXBuildFile; fileRef = B00AD40F263A993E004FC28B /* Assets.xcassets */; };
		B00AD413263A993E004FC28B /* LaunchScreen.storyboard in Resources */ = {isa = PBXBuildFile; fileRef = B00AD411263A993E004FC28B /* LaunchScreen.storyboard */; };
/* End PBXBuildFile section */

/* Begin PBXFileReference section */
		B00AD400263A993D004FC28B /* exampleMVVM.app */ = {isa = PBXFileReference; explicitFileType = wrapper.application; includeInIndex = 0; path = exampleMVVM.app; sourceTree = BUILT_PRODUCTS_DIR; };
		B00AD403263A993D004FC28B /* AppDelegate.swift */ = {isa = PBXFileReference; lastKnownFileType = sourcecode.swift; path = AppDelegate.swift; sourceTree = "<group>"; };
		B00AD405263A993D004FC28B /* SceneDelegate.swift */ = {isa = PBXFileReference; lastKnownFileType = sourcecode.swift; path = SceneDelegate.swift; sourceTree = "<group>"; };
		B00AD407263A993D004FC28B /* ViewController.swift */ = {isa = PBXFileReference; lastKnownFileType = sourcecode.swift; path = ViewController.swift; sourceTree = "<group>"; };
		B00AD40A263A993D004FC28B /* Base */ = {isa = PBXFileReference; lastKnownFileType = file.storyboard; name = Base; path = Base.lproj/Main.storyboard; sourceTree = "<group>"; };
		B00AD40D263A993D004FC28B /* exampleMVVM.xcdatamodel */ = {isa = PBXFileReference; lastKnownFileType = wrapper.xcdatamodel; path = exampleMVVM.xcdatamodel; sourceTree = "<group>"; };
		B00AD40F263A993E004FC28B /* Assets.xcassets */ = {isa = PBXFileReference; lastKnownFileType = folder.assetcatalog; path = Assets.xcassets; sourceTree = "<group>"; };
		B00AD412263A993E004FC28B /* Base */ = {isa = PBXFileReference; lastKnownFileType = file.storyboard; name = Base; path = Base.lproj/LaunchScreen.storyboard; sourceTree = "<group>"; };
		B00AD414263A993E004FC28B /* Info.plist */ = {isa = PBXFileReference; lastKnownFileType = text.plist.xml; path = Info.plist; sourceTree = "<group>"; };
/* End PBXFileReference section */

/* Begin PBXFrameworksBuildPhase section */
		B00AD3FD263A993D004FC28B /* Frameworks */ = {
			isa = PBXFrameworksBuildPhase;
			buildActionMask = 2147483647;
			files = (
			);
			runOnlyForDeploymentPostprocessing = 0;
		};
/* End PBXFrameworksBuildPhase section */

/* Begin PBXGroup section */
		B00AD3F7263A993C004FC28B = {
			isa = PBXGroup;
			children = (
				B00AD402263A993D004FC28B /* exampleMVVM */,
				B00AD401263A993D004FC28B /* Products */,
			);
			sourceTree = "<group>";
		};
		B00AD401263A993D004FC28B /* Products */ = {
			isa = PBXGroup;
			children = (
				B00AD400263A993D004FC28B /* exampleMVVM.app */,
			);
			name = Products;
			sourceTree = "<group>";
		};
		B00AD402263A993D004FC28B /* exampleMVVM */ = {
			isa = PBXGroup;
			children = (
				B00AD403263A993D004FC28B /* AppDelegate.swift */,
				B00AD405263A993D004FC28B /* SceneDelegate.swift */,
				B00AD407263A993D004FC28B /* ViewController.swift */,
				B00AD409263A993D004FC28B /* Main.storyboard */,
				B00AD40F263A993E004FC28B /* Assets.xcassets */,
				B00AD411263A993E004FC28B /* LaunchScreen.storyboard */,
				B00AD414263A993E004FC28B /* Info.plist */,
				B00AD40C263A993D004FC28B /* exampleMVVM.xcdatamodeld */,
			);
			path = exampleMVVM;
			sourceTree = "<group>";
		};
/* End PBXGroup section */

/* Begin PBXNativeTarget section */
		B00AD3FF263A993D004FC28B /* exampleMVVM */ = {
			isa = PBXNativeTarget;
			buildConfigurationList = B00AD417263A993E004FC28B /* Build configuration list for PBXNativeTarget "exampleMVVM" */;
			buildPhases = (
				B00AD3FC263A993D004FC28B /* Sources */,
				B00AD3FD263A993D004FC28B /* Frameworks */,
				B00AD3FE263A993D004FC28B /* Resources */,
			);
			buildRules = (
			);
			dependencies = (
			);
			name = exampleMVVM;
			productName = exampleMVVM;
			productReference = B00AD400263A993D004FC28B /* exampleMVVM.app */;
			productType = "com.apple.product-type.application";
		};
/* End PBXNativeTarget section */

/* Begin PBXProject section */
		B00AD3F8263A993D004FC28B /* Project object */ = {
			isa = PBXProject;
			attributes = {
				LastSwiftUpdateCheck = 1240;
				LastUpgradeCheck = 1240;
				TargetAttributes = {
					B00AD3FF263A993D004FC28B = {
						CreatedOnToolsVersion = 12.4;
					};
				};
			};
			buildConfigurationList = B00AD3FB263A993D004FC28B /* Build configuration list for PBXProject "exampleMVVM" */;
			compatibilityVersion = "Xcode 9.3";
			developmentRegion = en;
			hasScannedForEncodings = 0;
			knownRegions = (
				en,
				Base,
			);
			mainGroup = B00AD3F7263A993C004FC28B;
			productRefGroup = B00AD401263A993D004FC28B /* Products */;
			projectDirPath = "";
			projectRoot = "";
			targets = (
				B00AD3FF263A993D004FC28B /* exampleMVVM */,
			);
		};
/* End PBXProject section */

/* Begin PBXResourcesBuildPhase section */
		B00AD3FE263A993D004FC28B /* Resources */ = {
			isa = PBXResourcesBuildPhase;
			buildActionMask = 2147483647;
			files = (
				B00AD413263A993E004FC28B /* LaunchScreen.storyboard in Resources */,
				B00AD410263A993E004FC28B /* Assets.xcassets in Resources */,
				B00AD40B263A993D004FC28B /* Main.storyboard in Resources */,
			);
			runOnlyForDeploymentPostprocessing = 0;
		};
/* End PBXResourcesBuildPhase section */

/* Begin PBXSourcesBuildPhase section */
		B00AD3FC263A993D004FC28B /* Sources */ = {
			isa = PBXSourcesBuildPhase;
			buildActionMask = 2147483647;
			files = (
				B00AD408263A993D004FC28B /* ViewController.swift in Sources */,
				B00AD404263A993D004FC28B /* AppDelegate.swift in Sources */,
				B00AD40E263A993D004FC28B /* exampleMVVM.xcdatamodeld in Sources */,
				B00AD406263A993D004FC28B /* SceneDelegate.swift in Sources */,
			);
			runOnlyForDeploymentPostprocessing = 0;
		};
/* End PBXSourcesBuildPhase section */

/* Begin PBXVariantGroup section */
		B00AD409263A993D004FC28B /* Main.storyboard */ = {
			isa = PBXVariantGroup;
			children = (
				B00AD40A263A993D004FC28B /* Base */,
			);
			name = Main.storyboard;
			sourceTree = "<group>";
		};
		B00AD411263A993E004FC28B /* LaunchScreen.storyboard */ = {
			isa = PBXVariantGroup;
			children = (
				B00AD412263A993E004FC28B /* Base */,
			);
			name = LaunchScreen.storyboard;
			sourceTree = "<group>";
		};
/* End PBXVariantGroup section */

/* Begin XCBuildConfiguration section */
		B00AD415263A993E004FC28B /* Debug */ = {
			isa = XCBuildConfiguration;
			buildSettings = {
				ALWAYS_SEARCH_USER_PATHS = NO;
				CLANG_ANALYZER_NONNULL = YES;
				CLANG_ANALYZER_NUMBER_OBJECT_CONVERSION = YES_AGGRESSIVE;
				CLANG_CXX_LANGUAGE_STANDARD = "gnu++14";
				CLANG_CXX_LIBRARY = "libc++";
				CLANG_ENABLE_MODULES = YES;
				CLANG_ENABLE_OBJC_ARC = YES;
				CLANG_ENABLE_OBJC_WEAK = YES;
				CLANG_WARN_BLOCK_CAPTURE_AUTORELEASING = YES;
				CLANG_WARN_BOOL_CONVERSION = YES;
				CLANG_WARN_COMMA = YES;
				CLANG_WARN_CONSTANT_CONVERSION = YES;
				CLANG_WARN_DEPRECATED_OBJC_IMPLEMENTATIONS = YES;
				CLANG_WARN_DIRECT_OBJC_ISA_USAGE = YES_ERROR;
				CLANG_WARN_DOCUMENTATION_COMMENTS = YES;
				CLANG_WARN_EMPTY_BODY = YES;
				CLANG_WARN_ENUM_CONVERSION = YES;
				CLANG_WARN_INFINITE_RECURSION = YES;
				CLANG_WARN_INT_CONVERSION = YES;
				CLANG_WARN_NON_LITERAL_NULL_CONVERSION = YES;
				CLANG_WARN_OBJC_IMPLICIT_RETAIN_SELF = YES;
				CLANG_WARN_OBJC_LITERAL_CONVERSION = YES;
				CLANG_WARN_OBJC_ROOT_CLASS = YES_ERROR;
				CLANG_WARN_QUOTED_INCLUDE_IN_FRAMEWORK_HEADER = YES;
				CLANG_WARN_RANGE_LOOP_ANALYSIS = YES;
				CLANG_WARN_STRICT_PROTOTYPES = YES;
				CLANG_WARN_SUSPICIOUS_MOVE = YES;
				CLANG_WARN_UNGUARDED_AVAILABILITY = YES_AGGRESSIVE;
				CLANG_WARN_UNREACHABLE_CODE = YES;
				CLANG_WARN__DUPLICATE_METHOD_MATCH = YES;
				COPY_PHASE_STRIP = NO;
				DEBUG_INFORMATION_FORMAT = dwarf;
				ENABLE_STRICT_OBJC_MSGSEND = YES;
				ENABLE_TESTABILITY = YES;
				GCC_C_LANGUAGE_STANDARD = gnu11;
				GCC_DYNAMIC_NO_PIC = NO;
				GCC_NO_COMMON_BLOCKS = YES;
				GCC_OPTIMIZATION_LEVEL = 0;
				GCC_PREPROCESSOR_DEFINITIONS = (
					"DEBUG=1",
					"$(inherited)",
				);
				GCC_WARN_64_TO_32_BIT_CONVERSION = YES;
				GCC_WARN_ABOUT_RETURN_TYPE = YES_ERROR;
				GCC_WARN_UNDECLARED_SELECTOR = YES;
				GCC_WARN_UNINITIALIZED_AUTOS = YES_AGGRESSIVE;
				GCC_WARN_UNUSED_FUNCTION = YES;
				GCC_WARN_UNUSED_VARIABLE = YES;
				IPHONEOS_DEPLOYMENT_TARGET = 14.4;
				MTL_ENABLE_DEBUG_INFO = INCLUDE_SOURCE;
				MTL_FAST_MATH = YES;
				ONLY_ACTIVE_ARCH = YES;
				SDKROOT = iphoneos;
				SWIFT_ACTIVE_COMPILATION_CONDITIONS = DEBUG;
				SWIFT_OPTIMIZATION_LEVEL = "-Onone";
			};
			name = Debug;
		};
		B00AD416263A993E004FC28B /* Release */ = {
			isa = XCBuildConfiguration;
			buildSettings = {
				ALWAYS_SEARCH_USER_PATHS = NO;
				CLANG_ANALYZER_NONNULL = YES;
				CLANG_ANALYZER_NUMBER_OBJECT_CONVERSION = YES_AGGRESSIVE;
				CLANG_CXX_LANGUAGE_STANDARD = "gnu++14";
				CLANG_CXX_LIBRARY = "libc++";
				CLANG_ENABLE_MODULES = YES;
				CLANG_ENABLE_OBJC_ARC = YES;
				CLANG_ENABLE_OBJC_WEAK = YES;
				CLANG_WARN_BLOCK_CAPTURE_AUTORELEASING = YES;
				CLANG_WARN_BOOL_CONVERSION = YES;
				CLANG_WARN_COMMA = YES;
				CLANG_WARN_CONSTANT_CONVERSION = YES;
				CLANG_WARN_DEPRECATED_OBJC_IMPLEMENTATIONS = YES;
				CLANG_WARN_DIRECT_OBJC_ISA_USAGE = YES_ERROR;
				CLANG_WARN_DOCUMENTATION_COMMENTS = YES;
				CLANG_WARN_EMPTY_BODY = YES;
				CLANG_WARN_ENUM_CONVERSION = YES;
				CLANG_WARN_INFINITE_RECURSION = YES;
				CLANG_WARN_INT_CONVERSION = YES;
				CLANG_WARN_NON_LITERAL_NULL_CONVERSION = YES;
				CLANG_WARN_OBJC_IMPLICIT_RETAIN_SELF = YES;
				CLANG_WARN_OBJC_LITERAL_CONVERSION = YES;
				CLANG_WARN_OBJC_ROOT_CLASS = YES_ERROR;
				CLANG_WARN_QUOTED_INCLUDE_IN_FRAMEWORK_HEADER = YES;
				CLANG_WARN_RANGE_LOOP_ANALYSIS = YES;
				CLANG_WARN_STRICT_PROTOTYPES = YES;
				CLANG_WARN_SUSPICIOUS_MOVE = YES;
				CLANG_WARN_UNGUARDED_AVAILABILITY = YES_AGGRESSIVE;
				CLANG_WARN_UNREACHABLE_CODE = YES;
				CLANG_WARN__DUPLICATE_METHOD_MATCH = YES;
				COPY_PHASE_STRIP = NO;
				DEBUG_INFORMATION_FORMAT = "dwarf-with-dsym";
				ENABLE_NS_ASSERTIONS = NO;
				ENABLE_STRICT_OBJC_MSGSEND = YES;
				GCC_C_LANGUAGE_STANDARD = gnu11;
				GCC_NO_COMMON_BLOCKS = YES;
				GCC_WARN_64_TO_32_BIT_CONVERSION = YES;
				GCC_WARN_ABOUT_RETURN_TYPE = YES_ERROR;
				GCC_WARN_UNDECLARED_SELECTOR = YES;
				GCC_WARN_UNINITIALIZED_AUTOS = YES_AGGRESSIVE;
				GCC_WARN_UNUSED_FUNCTION = YES;
				GCC_WARN_UNUSED_VARIABLE = YES;
				IPHONEOS_DEPLOYMENT_TARGET = 14.4;
				MTL_ENABLE_DEBUG_INFO = NO;
				MTL_FAST_MATH = YES;
				SDKROOT = iphoneos;
				SWIFT_COMPILATION_MODE = wholemodule;
				SWIFT_OPTIMIZATION_LEVEL = "-O";
				VALIDATE_PRODUCT = YES;
			};
			name = Release;
		};
		B00AD418263A993E004FC28B /* Debug */ = {
			isa = XCBuildConfiguration;
			buildSettings = {
				ASSETCATALOG_COMPILER_APPICON_NAME = AppIcon;
				ASSETCATALOG_COMPILER_GLOBAL_ACCENT_COLOR_NAME = AccentColor;
				CODE_SIGN_STYLE = Automatic;
				DEVELOPMENT_TEAM = DLG2TN82XY;
				INFOPLIST_FILE = exampleMVVM/Info.plist;
				LD_RUNPATH_SEARCH_PATHS = (
					"$(inherited)",
					"@executable_path/Frameworks",
				);
				PRODUCT_BUNDLE_IDENTIFIER = com.tecsup.exampleMVVM;
				PRODUCT_NAME = "$(TARGET_NAME)";
				SWIFT_VERSION = 5.0;
				TARGETED_DEVICE_FAMILY = "1,2";
			};
			name = Debug;
		};
		B00AD419263A993E004FC28B /* Release */ = {
			isa = XCBuildConfiguration;
			buildSettings = {
				ASSETCATALOG_COMPILER_APPICON_NAME = AppIcon;
				ASSETCATALOG_COMPILER_GLOBAL_ACCENT_COLOR_NAME = AccentColor;
				CODE_SIGN_STYLE = Automatic;
				DEVELOPMENT_TEAM = DLG2TN82XY;
				INFOPLIST_FILE = exampleMVVM/Info.plist;
				LD_RUNPATH_SEARCH_PATHS = (
					"$(inherited)",
					"@executable_path/Frameworks",
				);
				PRODUCT_BUNDLE_IDENTIFIER = com.tecsup.exampleMVVM;
				PRODUCT_NAME = "$(TARGET_NAME)";
				SWIFT_VERSION = 5.0;
				TARGETED_DEVICE_FAMILY = "1,2";
			};
			name = Release;
		};
/* End XCBuildConfiguration section */

/* Begin XCConfigurationList section */
		B00AD3FB263A993D004FC28B /* Build configuration list for PBXProject "exampleMVVM" */ = {
			isa = XCConfigurationList;
			buildConfigurations = (
				B00AD415263A993E004FC28B /* Debug */,
				B00AD416263A993E004FC28B /* Release */,
			);
			defaultConfigurationIsVisible = 0;
			defaultConfigurationName = Release;
		};
		B00AD417263A993E004FC28B /* Build configuration list for PBXNativeTarget "exampleMVVM" */ = {
			isa = XCConfigurationList;
			buildConfigurations = (
				B00AD418263A993E004FC28B /* Debug */,
				B00AD419263A993E004FC28B /* Release */,
			);
			defaultConfigurationIsVisible = 0;
			defaultConfigurationName = Release;
		};
/* End XCConfigurationList section */

/* Begin XCVersionGroup section */
		B00AD40C263A993D004FC28B /* exampleMVVM.xcdatamodeld */ = {
			isa = XCVersionGroup;
			children = (
				B00AD40D263A993D004FC28B /* exampleMVVM.xcdatamodel */,
			);
			currentVersion = B00AD40D263A993D004FC28B /* exampleMVVM.xcdatamodel */;
			path = exampleMVVM.xcdatamodeld;
			sourceTree = "<group>";
			versionGroupType = wrapper.xcdatamodel;
		};
/* End XCVersionGroup section */
	};
	rootObject = B00AD3F8263A993D004FC28B /* Project object */;
}
